[[package]]
category = "main"
description = "Composable command line interface toolkit"
name = "click"
optional = false
python-versions = ">=2.7, !=3.0.*, !=3.1.*, !=3.2.*, !=3.3.*, !=3.4.*"
version = "7.1.2"

[[package]]
category = "main"
description = "'A Python click type which is similar to click.Path but returns a pathlib Path'"
name = "click-pathlib"
optional = false
python-versions = "*"
version = "2020.3.13.0"

[package.dependencies]
click = ">=7.0"

[package.extras]
dev = ["PyGithub (1.46)", "autoflake (1.3.1)", "check-manifest (0.41)", "codecov (2.0.16)", "flake8-commas (2.0.0)", "flake8-quotes (2.1.1)", "flake8 (3.7.9)", "isort (4.3.21)", "mypy (0.770)", "pip-check-reqs-pip-gte-20 (2.0.3.1)", "pydocstyle (5.0.2)", "pyenchant (3.0.1)", "pylint (2.4.4)", "pyroma (2.6)", "pytest-cov (2.8.1)", "pytest (5.4.0)", "twine (3.1.1)", "vulture (1.3)", "yapf (0.29.0)"]

[[package]]
category = "main"
description = "Python support for Parquet file format"
name = "fastparquet"
optional = false
python-versions = ">=3.6,"
version = "0.4.0"

[package.dependencies]
numba = ">=0.28"
numpy = ">=1.11"
pandas = ">=0.19"
six = "*"
thrift = ">=0.11.0"

[package.dependencies.python-snappy]
optional = true
version = "*"

[package.extras]
brotli = ["brotli"]
lz4 = ["lz4 (>=0.19.1)"]
lzo = ["python-lzo"]
snappy = ["python-snappy"]
zstandard = ["zstandard"]
zstd = ["zstd"]

[[package]]
category = "main"
description = "lightweight wrapper around basic LLVM functionality"
name = "llvmlite"
optional = false
python-versions = "*"
version = "0.32.1"

[[package]]
category = "main"
description = "compiling Python code using LLVM"
name = "numba"
optional = false
python-versions = ">=3.6"
version = "0.49.1"

[package.dependencies]
llvmlite = ">=0.31.0.dev0,<=0.33.0.dev0"
numpy = ">=1.15"
setuptools = "*"

[[package]]
category = "main"
description = "NumPy is the fundamental package for array computing with Python."
name = "numpy"
optional = false
python-versions = ">=3.5"
version = "1.18.5"

[[package]]
category = "main"
description = "Core utilities for Python packages"
name = "packaging"
optional = false
python-versions = ">=2.7, !=3.0.*, !=3.1.*, !=3.2.*, !=3.3.*"
version = "20.4"

[package.dependencies]
pyparsing = ">=2.0.2"
six = "*"

[[package]]
category = "main"
description = "Powerful data structures for data analysis, time series, and statistics"
name = "pandas"
optional = false
python-versions = ">=3.6.1"
version = "1.0.4"

[package.dependencies]
numpy = ">=1.13.3"
python-dateutil = ">=2.6.1"
pytz = ">=2017.2"

[package.extras]
test = ["pytest (>=4.0.2)", "pytest-xdist", "hypothesis (>=3.58)"]

[[package]]
category = "main"
description = "An open-source, interactive data visualization library for Python"
name = "plotly"
optional = false
python-versions = "*"
version = "4.8.1"

[package.dependencies]
retrying = ">=1.3.3"
six = "*"

[[package]]
category = "main"
description = "Python parsing module"
name = "pyparsing"
optional = false
python-versions = ">=2.6, !=3.0.*, !=3.1.*, !=3.2.*"
version = "2.4.7"

[[package]]
category = "main"
description = "Extensions to the standard Python datetime module"
name = "python-dateutil"
optional = false
python-versions = "!=3.0.*,!=3.1.*,!=3.2.*,>=2.7"
version = "2.8.1"

[package.dependencies]
six = ">=1.5"

[[package]]
category = "main"
description = "Python library for the snappy compression library from Google"
name = "python-snappy"
optional = false
python-versions = "*"
version = "0.5.4"

[[package]]
category = "main"
description = "World timezone definitions, modern and historical"
name = "pytz"
optional = false
python-versions = "*"
version = "2020.1"

[[package]]
category = "main"
description = "Retrying"
name = "retrying"
optional = false
python-versions = "*"
version = "1.3.3"

[package.dependencies]
six = ">=1.7.0"

[[package]]
category = "main"
description = "Python 2 and 3 compatibility utilities"
name = "six"
optional = false
python-versions = ">=2.7, !=3.0.*, !=3.1.*, !=3.2.*"
version = "1.15.0"

[[package]]
category = "main"
description = "Python bindings for the Apache Thrift RPC system"
name = "thrift"
optional = false
python-versions = "*"
version = "0.13.0"

[package.dependencies]
six = ">=1.7.2"

[package.extras]
all = ["tornado (>=4.0)", "twisted"]
tornado = ["tornado (>=4.0)"]
twisted = ["twisted"]

[[package]]
category = "main"
description = "Fast, Extensible Progress Meter"
name = "tqdm"
optional = false
python-versions = ">=2.6, !=3.0.*, !=3.1.*"
version = "4.46.1"

[package.extras]
dev = ["py-make (>=0.1.0)", "twine", "argopt", "pydoc-markdown"]

[metadata]
content-hash = "962e857dbf53113a2cab6b900dd92f7309e2130edfeba314b3aedc41d6b17e4c"
python-versions = "^3.8"

[metadata.files]
click = [
    {file = "click-7.1.2-py2.py3-none-any.whl", hash = "sha256:dacca89f4bfadd5de3d7489b7c8a566eee0d3676333fbb50030263894c38c0dc"},
    {file = "click-7.1.2.tar.gz", hash = "sha256:d2b5255c7c6349bc1bd1e59e08cd12acbbd63ce649f2588755783aa94dfb6b1a"},
]
click-pathlib = [
    {file = "click-pathlib-2020.3.13.0.tar.gz", hash = "sha256:e74a7a209699107d6aa884b3070e1f81e67dea10acf2244fbd3a4eafad207c1c"},
    {file = "click_pathlib-2020.3.13.0-py3-none-any.whl", hash = "sha256:37faab20677ce754176378cd9be82fd9e7e28b5d5fa4f1cc89613cb6b9fe9d97"},
]
fastparquet = [
    {file = "fastparquet-0.4.0.tar.gz", hash = "sha256:edb8c758c2d70a5d2958bb56dd0580519f69de95748bb6ea7d5f57cbe6a01c6a"},
]
llvmlite = [
    {file = "llvmlite-0.32.1-cp36-cp36m-macosx_10_9_x86_64.whl", hash = "sha256:a1598c7ce5077ae557a1cb3a82bff46edd3068293d83ba3634fd10e210c5bba7"},
    {file = "llvmlite-0.32.1-cp36-cp36m-manylinux1_i686.whl", hash = "sha256:fb0b94d5d3db37049956e113789af330d382b4c7df31288a763de283a2d5e72a"},
    {file = "llvmlite-0.32.1-cp36-cp36m-manylinux1_x86_64.whl", hash = "sha256:56883969d54d42b14f797c7f9cfe3acf224c9919d027e633470ad8e8d12a18ce"},
    {file = "llvmlite-0.32.1-cp36-cp36m-win32.whl", hash = "sha256:37bc22d119ade63ac0f8706d507b41f0802fc9ca48203de49455041c0b73c900"},
    {file = "llvmlite-0.32.1-cp36-cp36m-win_amd64.whl", hash = "sha256:811c9bc7ba4a8c11f9d6925ea3aba9259786e89f4cecd93b6915e5f5cb5aec40"},
    {file = "llvmlite-0.32.1-cp37-cp37m-macosx_10_9_x86_64.whl", hash = "sha256:297e32bb0987fca4888c9d518bf3ee2c89a385bc3466d6ee8c1f2ef75182fc76"},
    {file = "llvmlite-0.32.1-cp37-cp37m-manylinux1_i686.whl", hash = "sha256:45dfb187d4c26e00be061742fc0c541f196495edc663b163f1b8fbeb695709c3"},
    {file = "llvmlite-0.32.1-cp37-cp37m-manylinux1_x86_64.whl", hash = "sha256:6f63ee20976deed2126468f02959fedd66060740f8d723665816c6ff35eca28c"},
    {file = "llvmlite-0.32.1-cp37-cp37m-win32.whl", hash = "sha256:f8f9c437f3b0308d27d089f4e3e039327f803b1c29f383f63d69093f519e9f64"},
    {file = "llvmlite-0.32.1-cp37-cp37m-win_amd64.whl", hash = "sha256:35d31e7f3195fac6c7c3eaccdeab07c14b66e5f82612d9ddcea67943a6c618dc"},
    {file = "llvmlite-0.32.1-cp38-cp38-macosx_10_9_x86_64.whl", hash = "sha256:60d2bf71606a3be77ca1fcfac8c359ebb760b1a83c1822f650f2c1fd1e49f982"},
    {file = "llvmlite-0.32.1-cp38-cp38-manylinux1_i686.whl", hash = "sha256:a914e2ac2e83442f0d2a23530aed2a8dcdad52170b864554bc29af36f44a9c3f"},
    {file = "llvmlite-0.32.1-cp38-cp38-manylinux1_x86_64.whl", hash = "sha256:7a739c86a4cb57d8cfde086a33e13145a4d58c84991a4f8d3b8cd966bcfe4748"},
    {file = "llvmlite-0.32.1-cp38-cp38-win32.whl", hash = "sha256:e8a50067a7f62cc2fbff230e8b35b18d709e55849ab57d8da56f45487224b27e"},
    {file = "llvmlite-0.32.1-cp38-cp38-win_amd64.whl", hash = "sha256:24bae99cca872ae7792d3a92a9a98bbd99dc667687ef1787424f79a5e88e703f"},
    {file = "llvmlite-0.32.1.tar.gz", hash = "sha256:41262a47b8cbba5a09203b15b65fbdf11192f92aa226c81e99115acdee8f3b8d"},
]
numba = [
    {file = "numba-0.49.1-cp36-cp36m-macosx_10_14_x86_64.whl", hash = "sha256:3f9723f37f23df60db3e865b7d457d7145d9b64c1a88c692732b8a31fb3c4b76"},
    {file = "numba-0.49.1-cp36-cp36m-manylinux1_i686.whl", hash = "sha256:166e077d4e0515a2c4779ca0eaa0d661d38a67eb41f93c41eef20a34521ddba4"},
    {file = "numba-0.49.1-cp36-cp36m-manylinux1_x86_64.whl", hash = "sha256:47dc7e205cc471aa303614a155d0bbd0642bed2eaeaddd08c913616ffc2fc75e"},
    {file = "numba-0.49.1-cp36-cp36m-manylinux2014_x86_64.whl", hash = "sha256:b318fedece0e71c6be8003ac80a6b19040275c602b7df180ea3691581f4e8e8b"},
    {file = "numba-0.49.1-cp36-cp36m-win32.whl", hash = "sha256:3d09a80ee724b441c3efd9feeb05c5dd9867994a4b3a9435778a30ffea9f1e9e"},
    {file = "numba-0.49.1-cp36-cp36m-win_amd64.whl", hash = "sha256:7dd1b128fb67436c7ba0d0e0342254a009efe33cf4f11848bf9db7718ff25592"},
    {file = "numba-0.49.1-cp37-cp37m-macosx_10_14_x86_64.whl", hash = "sha256:58d7204abd64be368001ffb02499e0b5155d99dba3a7534923b4450e61943078"},
    {file = "numba-0.49.1-cp37-cp37m-manylinux1_i686.whl", hash = "sha256:a1a68067a1ee6073f482a572c52afeb29f739f448899f1219d68bd2ec35bfd14"},
    {file = "numba-0.49.1-cp37-cp37m-manylinux1_x86_64.whl", hash = "sha256:777421e01c07aeeddd9b2785c4089527778e1dde32ebadb0649364ad6c0a21ef"},
    {file = "numba-0.49.1-cp37-cp37m-manylinux2014_x86_64.whl", hash = "sha256:0061186a568a83b02f95bcc3b0e2d9b250c92ca39f1d08bd150a2a886e92610f"},
    {file = "numba-0.49.1-cp37-cp37m-win32.whl", hash = "sha256:13b2dd457711be3d072d55ef839a53c3e8af864a566aba5510b72251bea44d30"},
    {file = "numba-0.49.1-cp37-cp37m-win_amd64.whl", hash = "sha256:0d59de010f8a6d9a3246221f4f50bbcbfa66aefda9a90a5f8b13c213ae08e0ce"},
    {file = "numba-0.49.1-cp38-cp38-macosx_10_14_x86_64.whl", hash = "sha256:0e70fea97819285b3f9a13ced970867628037742eaacdebb12a766b76ba6a4f9"},
    {file = "numba-0.49.1-cp38-cp38-manylinux1_i686.whl", hash = "sha256:d5477bc0697ecbc5be62e365d50fcf1ca22550f9f339658fa231b4644e8107e2"},
    {file = "numba-0.49.1-cp38-cp38-manylinux1_x86_64.whl", hash = "sha256:b89217bec367897280f819b44301b21a6236449f1f4fc23ce5c3e6ee3d947250"},
    {file = "numba-0.49.1-cp38-cp38-manylinux2014_x86_64.whl", hash = "sha256:71e7bcf8b95595bcb8b3e142771a4644e1a6e3facb74da3541e1048f4f71ba1d"},
    {file = "numba-0.49.1-cp38-cp38-win32.whl", hash = "sha256:51996432543d61c30e5ef5d7ddda0f1f189b7ac308432a22ed3772b5abf092bd"},
    {file = "numba-0.49.1-cp38-cp38-win_amd64.whl", hash = "sha256:423f33603b782a8f7586cb9856b71ba689cdb1e1cea3be396d5900701f1ec63c"},
    {file = "numba-0.49.1.tar.gz", hash = "sha256:89e1ad8215918036b0ffc53501888d44ed44c1f2cb09a9e047d06af5cd7e7a5a"},
]
numpy = [
    {file = "numpy-1.18.5-cp35-cp35m-macosx_10_9_intel.whl", hash = "sha256:e91d31b34fc7c2c8f756b4e902f901f856ae53a93399368d9a0dc7be17ed2ca0"},
    {file = "numpy-1.18.5-cp35-cp35m-manylinux1_i686.whl", hash = "sha256:7d42ab8cedd175b5ebcb39b5208b25ba104842489ed59fbb29356f671ac93583"},
    {file = "numpy-1.18.5-cp35-cp35m-manylinux1_x86_64.whl", hash = "sha256:a78e438db8ec26d5d9d0e584b27ef25c7afa5a182d1bf4d05e313d2d6d515271"},
    {file = "numpy-1.18.5-cp35-cp35m-win32.whl", hash = "sha256:a87f59508c2b7ceb8631c20630118cc546f1f815e034193dc72390db038a5cb3"},
    {file = "numpy-1.18.5-cp35-cp35m-win_amd64.whl", hash = "sha256:965df25449305092b23d5145b9bdaeb0149b6e41a77a7d728b1644b3c99277c1"},
    {file = "numpy-1.18.5-cp36-cp36m-macosx_10_9_x86_64.whl", hash = "sha256:ac792b385d81151bae2a5a8adb2b88261ceb4976dbfaaad9ce3a200e036753dc"},
    {file = "numpy-1.18.5-cp36-cp36m-manylinux1_i686.whl", hash = "sha256:ef627986941b5edd1ed74ba89ca43196ed197f1a206a3f18cc9faf2fb84fd675"},
    {file = "numpy-1.18.5-cp36-cp36m-manylinux1_x86_64.whl", hash = "sha256:f718a7949d1c4f622ff548c572e0c03440b49b9531ff00e4ed5738b459f011e8"},
    {file = "numpy-1.18.5-cp36-cp36m-win32.whl", hash = "sha256:4064f53d4cce69e9ac613256dc2162e56f20a4e2d2086b1956dd2fcf77b7fac5"},
    {file = "numpy-1.18.5-cp36-cp36m-win_amd64.whl", hash = "sha256:b03b2c0badeb606d1232e5f78852c102c0a7989d3a534b3129e7856a52f3d161"},
    {file = "numpy-1.18.5-cp37-cp37m-macosx_10_9_x86_64.whl", hash = "sha256:a7acefddf994af1aeba05bbbafe4ba983a187079f125146dc5859e6d817df824"},
    {file = "numpy-1.18.5-cp37-cp37m-manylinux1_i686.whl", hash = "sha256:cd49930af1d1e49a812d987c2620ee63965b619257bd76eaaa95870ca08837cf"},
    {file = "numpy-1.18.5-cp37-cp37m-manylinux1_x86_64.whl", hash = "sha256:b39321f1a74d1f9183bf1638a745b4fd6fe80efbb1f6b32b932a588b4bc7695f"},
    {file = "numpy-1.18.5-cp37-cp37m-win32.whl", hash = "sha256:cae14a01a159b1ed91a324722d746523ec757357260c6804d11d6147a9e53e3f"},
    {file = "numpy-1.18.5-cp37-cp37m-win_amd64.whl", hash = "sha256:0172304e7d8d40e9e49553901903dc5f5a49a703363ed756796f5808a06fc233"},
    {file = "numpy-1.18.5-cp38-cp38-macosx_10_9_x86_64.whl", hash = "sha256:e15b382603c58f24265c9c931c9a45eebf44fe2e6b4eaedbb0d025ab3255228b"},
    {file = "numpy-1.18.5-cp38-cp38-manylinux1_i686.whl", hash = "sha256:3676abe3d621fc467c4c1469ee11e395c82b2d6b5463a9454e37fe9da07cd0d7"},
    {file = "numpy-1.18.5-cp38-cp38-manylinux1_x86_64.whl", hash = "sha256:4674f7d27a6c1c52a4d1aa5f0881f1eff840d2206989bae6acb1c7668c02ebfb"},
    {file = "numpy-1.18.5-cp38-cp38-win32.whl", hash = "sha256:9c9d6531bc1886454f44aa8f809268bc481295cf9740827254f53c30104f074a"},
    {file = "numpy-1.18.5-cp38-cp38-win_amd64.whl", hash = "sha256:3dd6823d3e04b5f223e3e265b4a1eae15f104f4366edd409e5a5e413a98f911f"},
    {file = "numpy-1.18.5.zip", hash = "sha256:34e96e9dae65c4839bd80012023aadd6ee2ccb73ce7fdf3074c62f301e63120b"},
]
packaging = [
    {file = "packaging-20.4-py2.py3-none-any.whl", hash = "sha256:998416ba6962ae7fbd6596850b80e17859a5753ba17c32284f67bfff33784181"},
    {file = "packaging-20.4.tar.gz", hash = "sha256:4357f74f47b9c12db93624a82154e9b120fa8293699949152b22065d556079f8"},
]
pandas = [
    {file = "pandas-1.0.4-cp36-cp36m-macosx_10_9_x86_64.whl", hash = "sha256:1f6fcf0404626ca0475715da045a878c7062ed39bc859afc4ccf0ba0a586a0aa"},
    {file = "pandas-1.0.4-cp36-cp36m-manylinux1_i686.whl", hash = "sha256:bab51855f8b318ef39c2af2c11095f45a10b74cbab4e3c8199efcc5af314c648"},
    {file = "pandas-1.0.4-cp36-cp36m-manylinux1_x86_64.whl", hash = "sha256:2a8b6c28607e3f3c344fe3e9b3cd76d2bf9f59bc8c0f2e582e3728b80e1786dc"},
    {file = "pandas-1.0.4-cp36-cp36m-win32.whl", hash = "sha256:034185bb615dc96d08fa13aacba8862949db19d5e7804d6ee242d086f07bcc46"},
    {file = "pandas-1.0.4-cp36-cp36m-win_amd64.whl", hash = "sha256:a647e44ba1b3344ebc5991c8aafeb7cca2b930010923657a273b41d86ae225c4"},
    {file = "pandas-1.0.4-cp37-cp37m-macosx_10_9_x86_64.whl", hash = "sha256:698e26372dba93f3aeb09cd7da2bb6dd6ade248338cfe423792c07116297f8f4"},
    {file = "pandas-1.0.4-cp37-cp37m-manylinux1_i686.whl", hash = "sha256:2bc2ff52091a6ac481cc75d514f06227dc1b10887df1eb72d535475e7b825e31"},
    {file = "pandas-1.0.4-cp37-cp37m-manylinux1_x86_64.whl", hash = "sha256:519678882fd0587410ece91e3ff7f73ad6ded60f6fcb8aa7bcc85c1dc20ecac6"},
    {file = "pandas-1.0.4-cp37-cp37m-win32.whl", hash = "sha256:51e0abe6e9f5096d246232b461649b0aa627f46de8f6344597ca908f2240cbaa"},
    {file = "pandas-1.0.4-cp37-cp37m-win_amd64.whl", hash = "sha256:415e4d52fcfd68c3d8f1851cef4d947399232741cc994c8f6aa5e6a9f2e4b1d8"},
    {file = "pandas-1.0.4-cp38-cp38-macosx_10_9_x86_64.whl", hash = "sha256:0c9b7f1933e3226cc16129cf2093338d63ace5c85db7c9588e3e1ac5c1937ad5"},
    {file = "pandas-1.0.4-cp38-cp38-manylinux1_i686.whl", hash = "sha256:982cda36d1773076a415ec62766b3c0a21cdbae84525135bdb8f460c489bb5dd"},
    {file = "pandas-1.0.4-cp38-cp38-manylinux1_x86_64.whl", hash = "sha256:29b4cfee5df2bc885607b8f016e901e63df7ffc8f00209000471778f46cc6678"},
    {file = "pandas-1.0.4-cp38-cp38-win32.whl", hash = "sha256:1fc963ba33c299973e92d45466e576d11f28611f3549469aec4a35658ef9f4cc"},
    {file = "pandas-1.0.4-cp38-cp38-win_amd64.whl", hash = "sha256:83af85c8e539a7876d23b78433d90f6a0e8aa913e37320785cf3888c946ee874"},
    {file = "pandas-1.0.4.tar.gz", hash = "sha256:b35d625282baa7b51e82e52622c300a1ca9f786711b2af7cbe64f1e6831f4126"},
]
plotly = [
    {file = "plotly-4.8.1-py2.py3-none-any.whl", hash = "sha256:0c7950c6396b060dd66110f286e21a3485d0912aea22b73b8faf358484fb81e9"},
    {file = "plotly-4.8.1.tar.gz", hash = "sha256:d3fea527fe3dfdd55d7334318f107b05a8407474a0fffe6cd4726c9b99e624f1"},
]
pyparsing = [
    {file = "pyparsing-2.4.7-py2.py3-none-any.whl", hash = "sha256:ef9d7589ef3c200abe66653d3f1ab1033c3c419ae9b9bdb1240a85b024efc88b"},
    {file = "pyparsing-2.4.7.tar.gz", hash = "sha256:c203ec8783bf771a155b207279b9bccb8dea02d8f0c9e5f8ead507bc3246ecc1"},
]
python-dateutil = [
    {file = "python-dateutil-2.8.1.tar.gz", hash = "sha256:73ebfe9dbf22e832286dafa60473e4cd239f8592f699aa5adaf10050e6e1823c"},
    {file = "python_dateutil-2.8.1-py2.py3-none-any.whl", hash = "sha256:75bb3f31ea686f1197762692a9ee6a7550b59fc6ca3a1f4b5d7e32fb98e2da2a"},
]
python-snappy = [
    {file = "python-snappy-0.5.4.tar.gz", hash = "sha256:d9c26532cfa510f45e8d135cde140e8a5603d3fb254cfec273ebc0ecf9f668e2"},
    {file = "python_snappy-0.5.4-cp36-cp36m-macosx_10_7_x86_64.whl", hash = "sha256:9c0ba725755b749ef9b03f6ed7582cefb957c0d9f6f064a7c4314148a9dbdb61"},
]
pytz = [
    {file = "pytz-2020.1-py2.py3-none-any.whl", hash = "sha256:a494d53b6d39c3c6e44c3bec237336e14305e4f29bbf800b599253057fbb79ed"},
    {file = "pytz-2020.1.tar.gz", hash = "sha256:c35965d010ce31b23eeb663ed3cc8c906275d6be1a34393a1d73a41febf4a048"},
]
retrying = [
    {file = "retrying-1.3.3.tar.gz", hash = "sha256:08c039560a6da2fe4f2c426d0766e284d3b736e355f8dd24b37367b0bb41973b"},
]
six = [
    {file = "six-1.15.0-py2.py3-none-any.whl", hash = "sha256:8b74bedcbbbaca38ff6d7491d76f2b06b3592611af620f8426e82dddb04a5ced"},
    {file = "six-1.15.0.tar.gz", hash = "sha256:30639c035cdb23534cd4aa2dd52c3bf48f06e5f4a941509c8bafd8ce11080259"},
]
thrift = [
    {file = "thrift-0.13.0.tar.gz", hash = "sha256:9af1c86bf73433afc6010ed376a6c6aca2b54099cc0d61895f640870a9ae7d89"},
]
tqdm = [
    {file = "tqdm-4.46.1-py2.py3-none-any.whl", hash = "sha256:07c06493f1403c1380b630ae3dcbe5ae62abcf369a93bbc052502279f189ab8c"},
    {file = "tqdm-4.46.1.tar.gz", hash = "sha256:cd140979c2bebd2311dfb14781d8f19bd5a9debb92dcab9f6ef899c987fcf71f"},
]
